// !$*UTF8*$!
{
	archiveVersion = 1;
	classes = {
	};
	objectVersion = 54;
	objects = {

/* Begin PBXBuildFile section */
		651C7C98227DECBA002B72EC /* AppDelegate.swift in Sources */ = {isa = PBXBuildFile; fileRef = 651C7C97227DECBA002B72EC /* AppDelegate.swift */; };
		651C7C9F227DECBC002B72EC /* Assets.xcassets in Resources */ = {isa = PBXBuildFile; fileRef = 651C7C9E227DECBC002B72EC /* Assets.xcassets */; };
		651C7CA2227DECBC002B72EC /* LaunchScreen.storyboard in Resources */ = {isa = PBXBuildFile; fileRef = 651C7CA0227DECBC002B72EC /* LaunchScreen.storyboard */; };
		651C7CB8227DECBD002B72EC /* SampleAppUITests.swift in Sources */ = {isa = PBXBuildFile; fileRef = 651C7CB7227DECBD002B72EC /* SampleAppUITests.swift */; };
		651C7CE8227DEDC4002B72EC /* SampleToken.swift in Sources */ = {isa = PBXBuildFile; fileRef = 651C7CE6227DEDC3002B72EC /* SampleToken.swift */; };
		651C7CE9227DEDC4002B72EC /* SampleResolver.swift in Sources */ = {isa = PBXBuildFile; fileRef = 651C7CE7227DEDC4002B72EC /* SampleResolver.swift */; };
		651C7CFF227DEE86002B72EC /* SplitUI.swift in Sources */ = {isa = PBXBuildFile; fileRef = 651C7CEA227DEE05002B72EC /* SplitUI.swift */; };
		651C7D00227DEE8F002B72EC /* ButtonView.swift in Sources */ = {isa = PBXBuildFile; fileRef = 651C7CEC227DEE05002B72EC /* ButtonView.swift */; };
		651C7D01227DEE91002B72EC /* LabelView.swift in Sources */ = {isa = PBXBuildFile; fileRef = 651C7CED227DEE05002B72EC /* LabelView.swift */; };
		651C7D02227DEE95002B72EC /* ResourceProvider1.swift in Sources */ = {isa = PBXBuildFile; fileRef = 651C7CFC227DEE05002B72EC /* ResourceProvider1.swift */; };
		651C7D03227DEE97002B72EC /* AuthenticatorProvider.swift in Sources */ = {isa = PBXBuildFile; fileRef = 651C7CFD227DEE05002B72EC /* AuthenticatorProvider.swift */; };
		651C7D04227DEE9D002B72EC /* LoginViewControllerProvider.swift in Sources */ = {isa = PBXBuildFile; fileRef = 651C7CEF227DEE05002B72EC /* LoginViewControllerProvider.swift */; };
		651C7D05227DEE9F002B72EC /* LoginViewController.swift in Sources */ = {isa = PBXBuildFile; fileRef = 651C7CF0227DEE05002B72EC /* LoginViewController.swift */; };
		651C7D06227DEEA9002B72EC /* ViewController1.swift in Sources */ = {isa = PBXBuildFile; fileRef = 651C7CF7227DEE05002B72EC /* ViewController1.swift */; };
		651C7D07227DEEAD002B72EC /* ViewController1Provider.swift in Sources */ = {isa = PBXBuildFile; fileRef = 651C7CF6227DEE05002B72EC /* ViewController1Provider.swift */; };
		651C7D08227DEEB1002B72EC /* ViewController2Provider.swift in Sources */ = {isa = PBXBuildFile; fileRef = 651C7CF3227DEE05002B72EC /* ViewController2Provider.swift */; };
		651C7D09227DEEB3002B72EC /* ViewController2.swift in Sources */ = {isa = PBXBuildFile; fileRef = 651C7CF4227DEE05002B72EC /* ViewController2.swift */; };
		651C7D0A227DEEB8002B72EC /* LogoutViewControllerProvider.swift in Sources */ = {isa = PBXBuildFile; fileRef = 651C7CF9227DEE05002B72EC /* LogoutViewControllerProvider.swift */; };
		651C7D0B227DEEBB002B72EC /* LogoutViewController.swift in Sources */ = {isa = PBXBuildFile; fileRef = 651C7CFA227DEE05002B72EC /* LogoutViewController.swift */; };
		651C7D0E227DEEEB002B72EC /* Madog.framework in Frameworks */ = {isa = PBXBuildFile; fileRef = 651C7CDD227DED7E002B72EC /* Madog.framework */; };
		651C7D10227DF24D002B72EC /* LoginViewController.storyboard in Resources */ = {isa = PBXBuildFile; fileRef = 651C7CF1227DEE05002B72EC /* LoginViewController.storyboard */; };
/* End PBXBuildFile section */

/* Begin PBXContainerItemProxy section */
		651C7CB4227DECBD002B72EC /* PBXContainerItemProxy */ = {
			isa = PBXContainerItemProxy;
			containerPortal = 651C7C8C227DECBA002B72EC /* Project object */;
			proxyType = 1;
			remoteGlobalIDString = 651C7C93227DECBA002B72EC;
			remoteInfo = SampleApp;
		};
		651C7CDC227DED7E002B72EC /* PBXContainerItemProxy */ = {
			isa = PBXContainerItemProxy;
			containerPortal = 651C7CD5227DED7E002B72EC /* Madog.xcodeproj */;
			proxyType = 2;
			remoteGlobalIDString = 658C851021A81D26006ECF6F;
			remoteInfo = Madog;
		};
		651C7CDE227DED7E002B72EC /* PBXContainerItemProxy */ = {
			isa = PBXContainerItemProxy;
			containerPortal = 651C7CD5227DED7E002B72EC /* Madog.xcodeproj */;
			proxyType = 2;
			remoteGlobalIDString = 652B1B5E227DDF12004E79A9;
			remoteInfo = MadogTests;
		};
		651C7CE4227DEDA0002B72EC /* PBXContainerItemProxy */ = {
			isa = PBXContainerItemProxy;
			containerPortal = 651C7CD5227DED7E002B72EC /* Madog.xcodeproj */;
			proxyType = 1;
			remoteGlobalIDString = 658C850F21A81D26006ECF6F;
			remoteInfo = Madog;
		};
		F4A4146D248BA4C600F0B928 /* PBXContainerItemProxy */ = {
			isa = PBXContainerItemProxy;
			containerPortal = 651C7CD5227DED7E002B72EC /* Madog.xcodeproj */;
			proxyType = 2;
			remoteGlobalIDString = 6576C20D239A9C3300F6AD07;
			remoteInfo = MadogTestApp;
		};
/* End PBXContainerItemProxy section */

/* Begin PBXFileReference section */
		651C7C94227DECBA002B72EC /* SampleApp.app */ = {isa = PBXFileReference; explicitFileType = wrapper.application; includeInIndex = 0; path = SampleApp.app; sourceTree = BUILT_PRODUCTS_DIR; };
		651C7C97227DECBA002B72EC /* AppDelegate.swift */ = {isa = PBXFileReference; lastKnownFileType = sourcecode.swift; path = AppDelegate.swift; sourceTree = "<group>"; };
		651C7C9E227DECBC002B72EC /* Assets.xcassets */ = {isa = PBXFileReference; lastKnownFileType = folder.assetcatalog; path = Assets.xcassets; sourceTree = "<group>"; };
		651C7CA1227DECBC002B72EC /* Base */ = {isa = PBXFileReference; lastKnownFileType = file.storyboard; name = Base; path = Base.lproj/LaunchScreen.storyboard; sourceTree = "<group>"; };
		651C7CA3227DECBC002B72EC /* Info.plist */ = {isa = PBXFileReference; lastKnownFileType = text.plist.xml; path = Info.plist; sourceTree = "<group>"; };
		651C7CB3227DECBD002B72EC /* SampleAppUITests.xctest */ = {isa = PBXFileReference; explicitFileType = wrapper.cfbundle; includeInIndex = 0; path = SampleAppUITests.xctest; sourceTree = BUILT_PRODUCTS_DIR; };
		651C7CB7227DECBD002B72EC /* SampleAppUITests.swift */ = {isa = PBXFileReference; lastKnownFileType = sourcecode.swift; path = SampleAppUITests.swift; sourceTree = "<group>"; };
		651C7CB9227DECBD002B72EC /* Info.plist */ = {isa = PBXFileReference; lastKnownFileType = text.plist.xml; path = Info.plist; sourceTree = "<group>"; };
		651C7CD5227DED7E002B72EC /* Madog.xcodeproj */ = {isa = PBXFileReference; lastKnownFileType = "wrapper.pb-project"; name = Madog.xcodeproj; path = ../Madog.xcodeproj; sourceTree = "<group>"; };
		651C7CE6227DEDC3002B72EC /* SampleToken.swift */ = {isa = PBXFileReference; fileEncoding = 4; lastKnownFileType = sourcecode.swift; path = SampleToken.swift; sourceTree = "<group>"; };
		651C7CE7227DEDC4002B72EC /* SampleResolver.swift */ = {isa = PBXFileReference; lastKnownFileType = sourcecode.swift; path = SampleResolver.swift; sourceTree = "<group>"; };
		651C7CEA227DEE05002B72EC /* SplitUI.swift */ = {isa = PBXFileReference; lastKnownFileType = sourcecode.swift; path = SplitUI.swift; sourceTree = "<group>"; };
		651C7CEC227DEE05002B72EC /* ButtonView.swift */ = {isa = PBXFileReference; lastKnownFileType = sourcecode.swift; path = ButtonView.swift; sourceTree = "<group>"; };
		651C7CED227DEE05002B72EC /* LabelView.swift */ = {isa = PBXFileReference; lastKnownFileType = sourcecode.swift; path = LabelView.swift; sourceTree = "<group>"; };
		651C7CEF227DEE05002B72EC /* LoginViewControllerProvider.swift */ = {isa = PBXFileReference; lastKnownFileType = sourcecode.swift; path = LoginViewControllerProvider.swift; sourceTree = "<group>"; };
		651C7CF0227DEE05002B72EC /* LoginViewController.swift */ = {isa = PBXFileReference; lastKnownFileType = sourcecode.swift; path = LoginViewController.swift; sourceTree = "<group>"; };
		651C7CF1227DEE05002B72EC /* LoginViewController.storyboard */ = {isa = PBXFileReference; lastKnownFileType = file.storyboard; path = LoginViewController.storyboard; sourceTree = "<group>"; };
		651C7CF3227DEE05002B72EC /* ViewController2Provider.swift */ = {isa = PBXFileReference; lastKnownFileType = sourcecode.swift; path = ViewController2Provider.swift; sourceTree = "<group>"; };
		651C7CF4227DEE05002B72EC /* ViewController2.swift */ = {isa = PBXFileReference; lastKnownFileType = sourcecode.swift; path = ViewController2.swift; sourceTree = "<group>"; };
		651C7CF6227DEE05002B72EC /* ViewController1Provider.swift */ = {isa = PBXFileReference; lastKnownFileType = sourcecode.swift; path = ViewController1Provider.swift; sourceTree = "<group>"; };
		651C7CF7227DEE05002B72EC /* ViewController1.swift */ = {isa = PBXFileReference; lastKnownFileType = sourcecode.swift; path = ViewController1.swift; sourceTree = "<group>"; };
		651C7CF9227DEE05002B72EC /* LogoutViewControllerProvider.swift */ = {isa = PBXFileReference; lastKnownFileType = sourcecode.swift; path = LogoutViewControllerProvider.swift; sourceTree = "<group>"; };
		651C7CFA227DEE05002B72EC /* LogoutViewController.swift */ = {isa = PBXFileReference; lastKnownFileType = sourcecode.swift; path = LogoutViewController.swift; sourceTree = "<group>"; };
		651C7CFC227DEE05002B72EC /* ResourceProvider1.swift */ = {isa = PBXFileReference; lastKnownFileType = sourcecode.swift; path = ResourceProvider1.swift; sourceTree = "<group>"; };
		651C7CFD227DEE05002B72EC /* AuthenticatorProvider.swift */ = {isa = PBXFileReference; lastKnownFileType = sourcecode.swift; path = AuthenticatorProvider.swift; sourceTree = "<group>"; };
/* End PBXFileReference section */

/* Begin PBXFrameworksBuildPhase section */
		651C7C91227DECBA002B72EC /* Frameworks */ = {
			isa = PBXFrameworksBuildPhase;
			buildActionMask = 2147483647;
			files = (
				651C7D0E227DEEEB002B72EC /* Madog.framework in Frameworks */,
			);
			runOnlyForDeploymentPostprocessing = 0;
		};
		651C7CB0227DECBD002B72EC /* Frameworks */ = {
			isa = PBXFrameworksBuildPhase;
			buildActionMask = 2147483647;
			files = (
			);
			runOnlyForDeploymentPostprocessing = 0;
		};
/* End PBXFrameworksBuildPhase section */

/* Begin PBXGroup section */
		651C7C8B227DECBA002B72EC = {
			isa = PBXGroup;
			children = (
				651C7C96227DECBA002B72EC /* SampleApp */,
				651C7CB6227DECBD002B72EC /* SampleAppUITests */,
				651C7CC5227DECFB002B72EC /* Frameworks */,
				651C7C95227DECBA002B72EC /* Products */,
			);
			sourceTree = "<group>";
		};
		651C7C95227DECBA002B72EC /* Products */ = {
			isa = PBXGroup;
			children = (
				651C7C94227DECBA002B72EC /* SampleApp.app */,
				651C7CB3227DECBD002B72EC /* SampleAppUITests.xctest */,
			);
			name = Products;
			sourceTree = "<group>";
		};
		651C7C96227DECBA002B72EC /* SampleApp */ = {
			isa = PBXGroup;
			children = (
				651C7CA3227DECBC002B72EC /* Info.plist */,
				651C7C97227DECBA002B72EC /* AppDelegate.swift */,
				651C7CE7227DEDC4002B72EC /* SampleResolver.swift */,
				651C7CE6227DEDC3002B72EC /* SampleToken.swift */,
				651C7C9E227DECBC002B72EC /* Assets.xcassets */,
				651C7CEB227DEE05002B72EC /* Custom UI */,
				651C7CA0227DECBC002B72EC /* LaunchScreen.storyboard */,
				651C7CF2227DEE05002B72EC /* Login */,
				651C7CFB227DEE05002B72EC /* Logout */,
				651C7CFE227DEE05002B72EC /* ServiceProvider */,
				651C7CF8227DEE05002B72EC /* ViewController1 */,
				651C7CF5227DEE05002B72EC /* ViewController2 */,
				651C7CEE227DEE05002B72EC /* Views */,
			);
			path = SampleApp;
			sourceTree = "<group>";
		};
		651C7CB6227DECBD002B72EC /* SampleAppUITests */ = {
			isa = PBXGroup;
			children = (
				651C7CB9227DECBD002B72EC /* Info.plist */,
				651C7CB7227DECBD002B72EC /* SampleAppUITests.swift */,
			);
			path = SampleAppUITests;
			sourceTree = "<group>";
		};
		651C7CC5227DECFB002B72EC /* Frameworks */ = {
			isa = PBXGroup;
			children = (
				651C7CD5227DED7E002B72EC /* Madog.xcodeproj */,
			);
			name = Frameworks;
			sourceTree = "<group>";
		};
		651C7CD6227DED7E002B72EC /* Products */ = {
			isa = PBXGroup;
			children = (
				651C7CDD227DED7E002B72EC /* Madog.framework */,
				651C7CDF227DED7E002B72EC /* MadogTests.xctest */,
				F4A4146E248BA4C600F0B928 /* MadogTestApp.app */,
			);
			name = Products;
			sourceTree = "<group>";
		};
		651C7CEB227DEE05002B72EC /* Custom UI */ = {
			isa = PBXGroup;
			children = (
				651C7CEA227DEE05002B72EC /* SplitUI.swift */,
			);
			path = "Custom UI";
			sourceTree = "<group>";
		};
		651C7CEE227DEE05002B72EC /* Views */ = {
			isa = PBXGroup;
			children = (
				651C7CEC227DEE05002B72EC /* ButtonView.swift */,
				651C7CED227DEE05002B72EC /* LabelView.swift */,
			);
			path = Views;
			sourceTree = "<group>";
		};
		651C7CF2227DEE05002B72EC /* Login */ = {
			isa = PBXGroup;
			children = (
				651C7CF1227DEE05002B72EC /* LoginViewController.storyboard */,
				651C7CF0227DEE05002B72EC /* LoginViewController.swift */,
				651C7CEF227DEE05002B72EC /* LoginViewControllerProvider.swift */,
			);
			path = Login;
			sourceTree = "<group>";
		};
		651C7CF5227DEE05002B72EC /* ViewController2 */ = {
			isa = PBXGroup;
			children = (
				651C7CF4227DEE05002B72EC /* ViewController2.swift */,
				651C7CF3227DEE05002B72EC /* ViewController2Provider.swift */,
			);
			path = ViewController2;
			sourceTree = "<group>";
		};
		651C7CF8227DEE05002B72EC /* ViewController1 */ = {
			isa = PBXGroup;
			children = (
				651C7CF7227DEE05002B72EC /* ViewController1.swift */,
				651C7CF6227DEE05002B72EC /* ViewController1Provider.swift */,
			);
			path = ViewController1;
			sourceTree = "<group>";
		};
		651C7CFB227DEE05002B72EC /* Logout */ = {
			isa = PBXGroup;
			children = (
				651C7CFA227DEE05002B72EC /* LogoutViewController.swift */,
				651C7CF9227DEE05002B72EC /* LogoutViewControllerProvider.swift */,
			);
			path = Logout;
			sourceTree = "<group>";
		};
		651C7CFE227DEE05002B72EC /* ServiceProvider */ = {
			isa = PBXGroup;
			children = (
				651C7CFD227DEE05002B72EC /* AuthenticatorProvider.swift */,
				651C7CFC227DEE05002B72EC /* ResourceProvider1.swift */,
			);
			path = ServiceProvider;
			sourceTree = "<group>";
		};
/* End PBXGroup section */

/* Begin PBXNativeTarget section */
		651C7C93227DECBA002B72EC /* SampleApp */ = {
			isa = PBXNativeTarget;
			buildConfigurationList = 651C7CBC227DECBD002B72EC /* Build configuration list for PBXNativeTarget "SampleApp" */;
			buildPhases = (
				651C7C90227DECBA002B72EC /* Sources */,
				65C774F0252616B400B0F970 /* swiftlint */,
				651C7C91227DECBA002B72EC /* Frameworks */,
				651C7C92227DECBA002B72EC /* Resources */,
			);
			buildRules = (
			);
			dependencies = (
				651C7CE5227DEDA0002B72EC /* PBXTargetDependency */,
			);
			name = SampleApp;
			productName = SampleApp;
			productReference = 651C7C94227DECBA002B72EC /* SampleApp.app */;
			productType = "com.apple.product-type.application";
		};
		651C7CB2227DECBD002B72EC /* SampleAppUITests */ = {
			isa = PBXNativeTarget;
			buildConfigurationList = 651C7CC2227DECBD002B72EC /* Build configuration list for PBXNativeTarget "SampleAppUITests" */;
			buildPhases = (
				651C7CAF227DECBD002B72EC /* Sources */,
				651C7CB0227DECBD002B72EC /* Frameworks */,
				651C7CB1227DECBD002B72EC /* Resources */,
			);
			buildRules = (
			);
			dependencies = (
				651C7CB5227DECBD002B72EC /* PBXTargetDependency */,
			);
			name = SampleAppUITests;
			productName = SampleAppUITests;
			productReference = 651C7CB3227DECBD002B72EC /* SampleAppUITests.xctest */;
			productType = "com.apple.product-type.bundle.ui-testing";
		};
/* End PBXNativeTarget section */

/* Begin PBXProject section */
		651C7C8C227DECBA002B72EC /* Project object */ = {
			isa = PBXProject;
			attributes = {
				LastSwiftUpdateCheck = 1020;
				LastUpgradeCheck = 1200;
				ORGANIZATIONNAME = "Ceri Hughes";
				TargetAttributes = {
					651C7C93227DECBA002B72EC = {
						CreatedOnToolsVersion = 10.2.1;
					};
					651C7CB2227DECBD002B72EC = {
						CreatedOnToolsVersion = 10.2.1;
						TestTargetID = 651C7C93227DECBA002B72EC;
					};
				};
			};
			buildConfigurationList = 651C7C8F227DECBA002B72EC /* Build configuration list for PBXProject "SampleApp" */;
			compatibilityVersion = "Xcode 12.0";
			developmentRegion = en;
			hasScannedForEncodings = 0;
			knownRegions = (
				en,
				Base,
			);
			mainGroup = 651C7C8B227DECBA002B72EC;
			productRefGroup = 651C7C95227DECBA002B72EC /* Products */;
			projectDirPath = "";
			projectReferences = (
				{
					ProductGroup = 651C7CD6227DED7E002B72EC /* Products */;
					ProjectRef = 651C7CD5227DED7E002B72EC /* Madog.xcodeproj */;
				},
			);
			projectRoot = "";
			targets = (
				651C7C93227DECBA002B72EC /* SampleApp */,
				651C7CB2227DECBD002B72EC /* SampleAppUITests */,
			);
		};
/* End PBXProject section */

/* Begin PBXReferenceProxy section */
		651C7CDD227DED7E002B72EC /* Madog.framework */ = {
			isa = PBXReferenceProxy;
			fileType = wrapper.framework;
			path = Madog.framework;
			remoteRef = 651C7CDC227DED7E002B72EC /* PBXContainerItemProxy */;
			sourceTree = BUILT_PRODUCTS_DIR;
		};
		651C7CDF227DED7E002B72EC /* MadogTests.xctest */ = {
			isa = PBXReferenceProxy;
			fileType = wrapper.cfbundle;
			path = MadogTests.xctest;
			remoteRef = 651C7CDE227DED7E002B72EC /* PBXContainerItemProxy */;
			sourceTree = BUILT_PRODUCTS_DIR;
		};
		F4A4146E248BA4C600F0B928 /* MadogTestApp.app */ = {
			isa = PBXReferenceProxy;
			fileType = wrapper.application;
			path = MadogTestApp.app;
			remoteRef = F4A4146D248BA4C600F0B928 /* PBXContainerItemProxy */;
			sourceTree = BUILT_PRODUCTS_DIR;
		};
/* End PBXReferenceProxy section */

/* Begin PBXResourcesBuildPhase section */
		651C7C92227DECBA002B72EC /* Resources */ = {
			isa = PBXResourcesBuildPhase;
			buildActionMask = 2147483647;
			files = (
				651C7CA2227DECBC002B72EC /* LaunchScreen.storyboard in Resources */,
				651C7D10227DF24D002B72EC /* LoginViewController.storyboard in Resources */,
				651C7C9F227DECBC002B72EC /* Assets.xcassets in Resources */,
			);
			runOnlyForDeploymentPostprocessing = 0;
		};
		651C7CB1227DECBD002B72EC /* Resources */ = {
			isa = PBXResourcesBuildPhase;
			buildActionMask = 2147483647;
			files = (
			);
			runOnlyForDeploymentPostprocessing = 0;
		};
/* End PBXResourcesBuildPhase section */

/* Begin PBXShellScriptBuildPhase section */
		65C774F0252616B400B0F970 /* swiftlint */ = {
			isa = PBXShellScriptBuildPhase;
			buildActionMask = 2147483647;
			files = (
			);
			inputFileListPaths = (
			);
			inputPaths = (
			);
			name = swiftlint;
			outputFileListPaths = (
			);
			outputPaths = (
			);
			runOnlyForDeploymentPostprocessing = 0;
			shellPath = /bin/sh;
			shellScript = "swiftlint\n";
		};
/* End PBXShellScriptBuildPhase section */

/* Begin PBXSourcesBuildPhase section */
		651C7C90227DECBA002B72EC /* Sources */ = {
			isa = PBXSourcesBuildPhase;
			buildActionMask = 2147483647;
			files = (
				651C7C98227DECBA002B72EC /* AppDelegate.swift in Sources */,
				651C7CE8227DEDC4002B72EC /* SampleToken.swift in Sources */,
				651C7D06227DEEA9002B72EC /* ViewController1.swift in Sources */,
				651C7D00227DEE8F002B72EC /* ButtonView.swift in Sources */,
				651C7CFF227DEE86002B72EC /* SplitUI.swift in Sources */,
				651C7D03227DEE97002B72EC /* AuthenticatorProvider.swift in Sources */,
				651C7D08227DEEB1002B72EC /* ViewController2Provider.swift in Sources */,
				651C7D09227DEEB3002B72EC /* ViewController2.swift in Sources */,
				651C7D04227DEE9D002B72EC /* LoginViewControllerProvider.swift in Sources */,
				651C7D07227DEEAD002B72EC /* ViewController1Provider.swift in Sources */,
				651C7CE9227DEDC4002B72EC /* SampleResolver.swift in Sources */,
				651C7D02227DEE95002B72EC /* ResourceProvider1.swift in Sources */,
				651C7D0A227DEEB8002B72EC /* LogoutViewControllerProvider.swift in Sources */,
				651C7D05227DEE9F002B72EC /* LoginViewController.swift in Sources */,
				651C7D0B227DEEBB002B72EC /* LogoutViewController.swift in Sources */,
				651C7D01227DEE91002B72EC /* LabelView.swift in Sources */,
			);
			runOnlyForDeploymentPostprocessing = 0;
		};
		651C7CAF227DECBD002B72EC /* Sources */ = {
			isa = PBXSourcesBuildPhase;
			buildActionMask = 2147483647;
			files = (
				651C7CB8227DECBD002B72EC /* SampleAppUITests.swift in Sources */,
			);
			runOnlyForDeploymentPostprocessing = 0;
		};
/* End PBXSourcesBuildPhase section */

/* Begin PBXTargetDependency section */
		651C7CB5227DECBD002B72EC /* PBXTargetDependency */ = {
			isa = PBXTargetDependency;
			target = 651C7C93227DECBA002B72EC /* SampleApp */;
			targetProxy = 651C7CB4227DECBD002B72EC /* PBXContainerItemProxy */;
		};
		651C7CE5227DEDA0002B72EC /* PBXTargetDependency */ = {
			isa = PBXTargetDependency;
			name = Madog;
			targetProxy = 651C7CE4227DEDA0002B72EC /* PBXContainerItemProxy */;
		};
/* End PBXTargetDependency section */

/* Begin PBXVariantGroup section */
		651C7CA0227DECBC002B72EC /* LaunchScreen.storyboard */ = {
			isa = PBXVariantGroup;
			children = (
				651C7CA1227DECBC002B72EC /* Base */,
			);
			name = LaunchScreen.storyboard;
			sourceTree = "<group>";
		};
/* End PBXVariantGroup section */

/* Begin XCBuildConfiguration section */
		651C7CBA227DECBD002B72EC /* Debug */ = {
			isa = XCBuildConfiguration;
			buildSettings = {
				ALWAYS_SEARCH_USER_PATHS = NO;
				CLANG_ANALYZER_NONNULL = YES;
				CLANG_ANALYZER_NUMBER_OBJECT_CONVERSION = YES_AGGRESSIVE;
				CLANG_CXX_LANGUAGE_STANDARD = "gnu++14";
				CLANG_CXX_LIBRARY = "libc++";
				CLANG_ENABLE_MODULES = YES;
				CLANG_ENABLE_OBJC_ARC = YES;
				CLANG_ENABLE_OBJC_WEAK = YES;
				CLANG_WARN_BLOCK_CAPTURE_AUTORELEASING = YES;
				CLANG_WARN_BOOL_CONVERSION = YES;
				CLANG_WARN_COMMA = YES;
				CLANG_WARN_CONSTANT_CONVERSION = YES;
				CLANG_WARN_DEPRECATED_OBJC_IMPLEMENTATIONS = YES;
				CLANG_WARN_DIRECT_OBJC_ISA_USAGE = YES_ERROR;
				CLANG_WARN_DOCUMENTATION_COMMENTS = YES;
				CLANG_WARN_EMPTY_BODY = YES;
				CLANG_WARN_ENUM_CONVERSION = YES;
				CLANG_WARN_INFINITE_RECURSION = YES;
				CLANG_WARN_INT_CONVERSION = YES;
				CLANG_WARN_NON_LITERAL_NULL_CONVERSION = YES;
				CLANG_WARN_OBJC_IMPLICIT_RETAIN_SELF = YES;
				CLANG_WARN_OBJC_LITERAL_CONVERSION = YES;
				CLANG_WARN_OBJC_ROOT_CLASS = YES_ERROR;
				CLANG_WARN_QUOTED_INCLUDE_IN_FRAMEWORK_HEADER = YES;
				CLANG_WARN_RANGE_LOOP_ANALYSIS = YES;
				CLANG_WARN_STRICT_PROTOTYPES = YES;
				CLANG_WARN_SUSPICIOUS_MOVE = YES;
				CLANG_WARN_UNGUARDED_AVAILABILITY = YES_AGGRESSIVE;
				CLANG_WARN_UNREACHABLE_CODE = YES;
				CLANG_WARN__DUPLICATE_METHOD_MATCH = YES;
				CODE_SIGN_IDENTITY = "iPhone Developer";
				COPY_PHASE_STRIP = NO;
				DEBUG_INFORMATION_FORMAT = dwarf;
				ENABLE_STRICT_OBJC_MSGSEND = YES;
				ENABLE_TESTABILITY = YES;
				GCC_C_LANGUAGE_STANDARD = gnu11;
				GCC_DYNAMIC_NO_PIC = NO;
				GCC_NO_COMMON_BLOCKS = YES;
				GCC_OPTIMIZATION_LEVEL = 0;
				GCC_PREPROCESSOR_DEFINITIONS = (
					"DEBUG=1",
					"$(inherited)",
				);
				GCC_WARN_64_TO_32_BIT_CONVERSION = YES;
				GCC_WARN_ABOUT_RETURN_TYPE = YES_ERROR;
				GCC_WARN_UNDECLARED_SELECTOR = YES;
				GCC_WARN_UNINITIALIZED_AUTOS = YES_AGGRESSIVE;
				GCC_WARN_UNUSED_FUNCTION = YES;
				GCC_WARN_UNUSED_VARIABLE = YES;
				IPHONEOS_DEPLOYMENT_TARGET = 13.0;
				MTL_ENABLE_DEBUG_INFO = INCLUDE_SOURCE;
				MTL_FAST_MATH = YES;
				ONLY_ACTIVE_ARCH = YES;
				SDKROOT = iphoneos;
				SWIFT_ACTIVE_COMPILATION_CONDITIONS = DEBUG;
				SWIFT_OPTIMIZATION_LEVEL = "-Onone";
			};
			name = Debug;
		};
		651C7CBB227DECBD002B72EC /* Release */ = {
			isa = XCBuildConfiguration;
			buildSettings = {
				ALWAYS_SEARCH_USER_PATHS = NO;
				CLANG_ANALYZER_NONNULL = YES;
				CLANG_ANALYZER_NUMBER_OBJECT_CONVERSION = YES_AGGRESSIVE;
				CLANG_CXX_LANGUAGE_STANDARD = "gnu++14";
				CLANG_CXX_LIBRARY = "libc++";
				CLANG_ENABLE_MODULES = YES;
				CLANG_ENABLE_OBJC_ARC = YES;
				CLANG_ENABLE_OBJC_WEAK = YES;
				CLANG_WARN_BLOCK_CAPTURE_AUTORELEASING = YES;
				CLANG_WARN_BOOL_CONVERSION = YES;
				CLANG_WARN_COMMA = YES;
				CLANG_WARN_CONSTANT_CONVERSION = YES;
				CLANG_WARN_DEPRECATED_OBJC_IMPLEMENTATIONS = YES;
				CLANG_WARN_DIRECT_OBJC_ISA_USAGE = YES_ERROR;
				CLANG_WARN_DOCUMENTATION_COMMENTS = YES;
				CLANG_WARN_EMPTY_BODY = YES;
				CLANG_WARN_ENUM_CONVERSION = YES;
				CLANG_WARN_INFINITE_RECURSION = YES;
				CLANG_WARN_INT_CONVERSION = YES;
				CLANG_WARN_NON_LITERAL_NULL_CONVERSION = YES;
				CLANG_WARN_OBJC_IMPLICIT_RETAIN_SELF = YES;
				CLANG_WARN_OBJC_LITERAL_CONVERSION = YES;
				CLANG_WARN_OBJC_ROOT_CLASS = YES_ERROR;
				CLANG_WARN_QUOTED_INCLUDE_IN_FRAMEWORK_HEADER = YES;
				CLANG_WARN_RANGE_LOOP_ANALYSIS = YES;
				CLANG_WARN_STRICT_PROTOTYPES = YES;
				CLANG_WARN_SUSPICIOUS_MOVE = YES;
				CLANG_WARN_UNGUARDED_AVAILABILITY = YES_AGGRESSIVE;
				CLANG_WARN_UNREACHABLE_CODE = YES;
				CLANG_WARN__DUPLICATE_METHOD_MATCH = YES;
				CODE_SIGN_IDENTITY = "iPhone Developer";
				COPY_PHASE_STRIP = NO;
				DEBUG_INFORMATION_FORMAT = "dwarf-with-dsym";
				ENABLE_NS_ASSERTIONS = NO;
				ENABLE_STRICT_OBJC_MSGSEND = YES;
				GCC_C_LANGUAGE_STANDARD = gnu11;
				GCC_NO_COMMON_BLOCKS = YES;
				GCC_WARN_64_TO_32_BIT_CONVERSION = YES;
				GCC_WARN_ABOUT_RETURN_TYPE = YES_ERROR;
				GCC_WARN_UNDECLARED_SELECTOR = YES;
				GCC_WARN_UNINITIALIZED_AUTOS = YES_AGGRESSIVE;
				GCC_WARN_UNUSED_FUNCTION = YES;
				GCC_WARN_UNUSED_VARIABLE = YES;
				IPHONEOS_DEPLOYMENT_TARGET = 13.0;
				MTL_ENABLE_DEBUG_INFO = NO;
				MTL_FAST_MATH = YES;
				SDKROOT = iphoneos;
				SWIFT_COMPILATION_MODE = wholemodule;
				SWIFT_OPTIMIZATION_LEVEL = "-O";
				VALIDATE_PRODUCT = YES;
			};
			name = Release;
		};
		651C7CBD227DECBD002B72EC /* Debug */ = {
			isa = XCBuildConfiguration;
			buildSettings = {
				ASSETCATALOG_COMPILER_APPICON_NAME = AppIcon;
				CODE_SIGN_STYLE = Automatic;
				DEVELOPMENT_TEAM = Y56955G4Q8;
				"EXCLUDED_ARCHS[sdk=iphonesimulator*]" = arm64;
				INFOPLIST_FILE = SampleApp/Info.plist;
				LD_RUNPATH_SEARCH_PATHS = (
					"$(inherited)",
					"@executable_path/Frameworks",
				);
				PRODUCT_BUNDLE_IDENTIFIER = uk.co.cerihughes.SampleApp;
				PRODUCT_NAME = "$(TARGET_NAME)";
				SWIFT_VERSION = 5.0;
				TARGETED_DEVICE_FAMILY = "1,2";
			};
			name = Debug;
		};
		651C7CBE227DECBD002B72EC /* Release */ = {
			isa = XCBuildConfiguration;
			buildSettings = {
				ASSETCATALOG_COMPILER_APPICON_NAME = AppIcon;
				CODE_SIGN_STYLE = Automatic;
				DEVELOPMENT_TEAM = Y56955G4Q8;
				"EXCLUDED_ARCHS[sdk=iphonesimulator*]" = arm64;
				INFOPLIST_FILE = SampleApp/Info.plist;
				LD_RUNPATH_SEARCH_PATHS = (
					"$(inherited)",
					"@executable_path/Frameworks",
				);
				PRODUCT_BUNDLE_IDENTIFIER = uk.co.cerihughes.SampleApp;
				PRODUCT_NAME = "$(TARGET_NAME)";
				SWIFT_VERSION = 5.0;
				TARGETED_DEVICE_FAMILY = "1,2";
			};
			name = Release;
		};
		651C7CC3227DECBD002B72EC /* Debug */ = {
			isa = XCBuildConfiguration;
			buildSettings = {
				ALWAYS_EMBED_SWIFT_STANDARD_LIBRARIES = YES;
				CODE_SIGN_STYLE = Automatic;
				DEVELOPMENT_TEAM = Y56955G4Q8;
				INFOPLIST_FILE = SampleAppUITests/Info.plist;
				LD_RUNPATH_SEARCH_PATHS = (
					"$(inherited)",
					"@executable_path/Frameworks",
					"@loader_path/Frameworks",
				);
				PRODUCT_BUNDLE_IDENTIFIER = uk.co.cerihughes.SampleAppUITests;
				PRODUCT_NAME = "$(TARGET_NAME)";
				SWIFT_VERSION = 5.0;
				TARGETED_DEVICE_FAMILY = "1,2";
				TEST_TARGET_NAME = SampleApp;
			};
			name = Debug;
		};
		651C7CC4227DECBD002B72EC /* Release */ = {
			isa = XCBuildConfiguration;
			buildSettings = {
				ALWAYS_EMBED_SWIFT_STANDARD_LIBRARIES = YES;
				CODE_SIGN_STYLE = Automatic;
				DEVELOPMENT_TEAM = Y56955G4Q8;
				INFOPLIST_FILE = SampleAppUITests/Info.plist;
				LD_RUNPATH_SEARCH_PATHS = (
					"$(inherited)",
					"@executable_path/Frameworks",
					"@loader_path/Frameworks",
				);
				PRODUCT_BUNDLE_IDENTIFIER = uk.co.cerihughes.SampleAppUITests;
				PRODUCT_NAME = "$(TARGET_NAME)";
				SWIFT_VERSION = 5.0;
				TARGETED_DEVICE_FAMILY = "1,2";
				TEST_TARGET_NAME = SampleApp;
			};
			name = Release;
		};
/* End XCBuildConfiguration section */

/* Begin XCConfigurationList section */
		651C7C8F227DECBA002B72EC /* Build configuration list for PBXProject "SampleApp" */ = {
			isa = XCConfigurationList;
			buildConfigurations = (
				651C7CBA227DECBD002B72EC /* Debug */,
				651C7CBB227DECBD002B72EC /* Release */,
			);
			defaultConfigurationIsVisible = 0;
			defaultConfigurationName = Release;
		};
		651C7CBC227DECBD002B72EC /* Build configuration list for PBXNativeTarget "SampleApp" */ = {
			isa = XCConfigurationList;
			buildConfigurations = (
				651C7CBD227DECBD002B72EC /* Debug */,
				651C7CBE227DECBD002B72EC /* Release */,
			);
			defaultConfigurationIsVisible = 0;
			defaultConfigurationName = Release;
		};
		651C7CC2227DECBD002B72EC /* Build configuration list for PBXNativeTarget "SampleAppUITests" */ = {
			isa = XCConfigurationList;
			buildConfigurations = (
				651C7CC3227DECBD002B72EC /* Debug */,
				651C7CC4227DECBD002B72EC /* Release */,
			);
			defaultConfigurationIsVisible = 0;
			defaultConfigurationName = Release;
		};
/* End XCConfigurationList section */
	};
	rootObject = 651C7C8C227DECBA002B72EC /* Project object */;
}
