{
  "pins" : [
    {
      "identity" : "kif",
      "kind" : "remoteSourceControl",
      "location" : "https://github.com/kif-framework/KIF",
      "state" : {
        "revision" : "0176e754e95202e5caaf3ea0c059412ef18f2c47",
        "version" : "3.9.0"
      }
    },
    {
      "identity" : "provident",
      "kind" : "remoteSourceControl",
      "location" : "https://github.com/cerihughes/provident",
      "state" : {
        "revision" : "4b2bfd97332fc9bd305f46e180def1c7d98b1729",
        "version" : "7.0.0"
      }
    }
  ],
  "version" : 2
}
